
Microsoft Visual Studio Solution File, Format Version 12.00
Project("{FAE04EC0-301F-11D3-BF4B-00C04F79EFBC}") = "SINDIKAT.QuestBot", "SINDIKAT.QuestBot\SINDIKAT.QuestBot.csproj", "{CFF47A50-8B18-4B18-9548-30E7F6A1768F}"
EndProject
Global
	GlobalSection(SolutionConfigurationPlatforms) = preSolution
		Debug|Any CPU = Debug|Any CPU
		Release|Any CPU = Release|Any CPU
	EndGlobalSection
	GlobalSection(ProjectConfigurationPlatforms) = postSolution
		{CFF47A50-8B18-4B18-9548-30E7F6A1768F}.Debug|Any CPU.ActiveCfg = Debug|Any CPU
		{CFF47A50-8B18-4B18-9548-30E7F6A1768F}.Debug|Any CPU.Build.0 = Debug|Any CPU
		{CFF47A50-8B18-4B18-9548-30E7F6A1768F}.Release|Any CPU.ActiveCfg = Release|Any CPU
		{CFF47A50-8B18-4B18-9548-30E7F6A1768F}.Release|Any CPU.Build.0 = Release|Any CPU
	EndGlobalSection
EndGlobal
